
Microsoft Visual Studio Solution File, Format Version 12.00
# Visual Studio 15
VisualStudioVersion = 15.0.27428.2011
MinimumVisualStudioVersion = 10.0.40219.1
Project("{E24C65DC-7377-472B-9ABA-BC803B73C61A}") = "TrueMarbleWeb", "TrueMarbleWeb\", "{F0C0074A-AB8F-461D-B38B-28543C70A0EE}"
	ProjectSection(WebsiteProperties) = preProject
		TargetFrameworkMoniker = ".NETFramework,Version%3Dv4.6.1"
		Debug.AspNetCompiler.VirtualPath = "/localhost_62738"
		Debug.AspNetCompiler.PhysicalPath = "TrueMarbleWeb\"
		Debug.AspNetCompiler.TargetPath = "PrecompiledWeb\localhost_62738\"
		Debug.AspNetCompiler.Updateable = "true"
		Debug.AspNetCompiler.ForceOverwrite = "true"
		Debug.AspNetCompiler.FixedNames = "false"
		Debug.AspNetCompiler.Debug = "True"
		Release.AspNetCompiler.VirtualPath = "/localhost_62738"
		Release.AspNetCompiler.PhysicalPath = "TrueMarbleWeb\"
		Release.AspNetCompiler.TargetPath = "PrecompiledWeb\localhost_62738\"
		Release.AspNetCompiler.Updateable = "true"
		Release.AspNetCompiler.ForceOverwrite = "true"
		Release.AspNetCompiler.FixedNames = "false"
		Release.AspNetCompiler.Debug = "False"
		VWDPort = "62738"
		SlnRelativePath = "TrueMarbleWeb\"
		DefaultWebSiteLanguage = "Visual C#"
	EndProjectSection
EndProject
Global
	GlobalSection(SolutionConfigurationPlatforms) = preSolution
		Debug|Any CPU = Debug|Any CPU
	EndGlobalSection
	GlobalSection(ProjectConfigurationPlatforms) = postSolution
		{F0C0074A-AB8F-461D-B38B-28543C70A0EE}.Debug|Any CPU.ActiveCfg = Debug|Any CPU
		{F0C0074A-AB8F-461D-B38B-28543C70A0EE}.Debug|Any CPU.Build.0 = Debug|Any CPU
	EndGlobalSection
	GlobalSection(SolutionProperties) = preSolution
		HideSolutionNode = FALSE
	EndGlobalSection
	GlobalSection(ExtensibilityGlobals) = postSolution
		SolutionGuid = {AFBDAEA8-10B4-40A4-84AF-B67EDC062A06}
	EndGlobalSection
EndGlobal
